# This file is automatically @generated by Poetry and should not be changed by hand.

[[package]]
name = "pythonping"
version = "1.1.4"
description = "A simple way to ping in Python"
category = "main"
optional = false
python-versions = "*"
files = [
    {file = "pythonping-1.1.4-py3-none-any.whl", hash = "sha256:dedd690e36cb8c69703175610cf6ce01ff0c2070b447cc64c31a82951c9a53f6"},
    {file = "pythonping-1.1.4.tar.gz", hash = "sha256:acef84640fee6f20b725f2a1d2392771f2845554cfabcef30b1fdea5030161af"},
]

[metadata]
lock-version = "2.0"
python-versions = "^3.10"
content-hash = "5b12033f7f392c0b0f592e8d79bc73ee3256413e9fb4163bc98a0b5244cb9140"
