# This file is automatically @generated by Poetry and should not be changed by hand.

[[package]]
name = "click"
version = "8.1.3"
description = "Composable command line interface toolkit"
category = "main"
optional = false
python-versions = ">=3.7"
files = [
    {file = "click-8.1.3-py3-none-any.whl", hash = "sha256:bb4d8133cb15a609f44e8213d9b391b0809795062913b383c62be0ee95b1db48"},
    {file = "click-8.1.3.tar.gz", hash = "sha256:7682dc8afb30297001674575ea00d1814d808d6a36af415a82bd481d37ba7b8e"},
]

[package.dependencies]
colorama = {version = "*", markers = "platform_system == \"Windows\""}

[[package]]
name = "colorama"
version = "0.4.6"
description = "Cross-platform colored terminal text."
category = "main"
optional = false
python-versions = "!=3.0.*,!=3.1.*,!=3.2.*,!=3.3.*,!=3.4.*,!=3.5.*,!=3.6.*,>=2.7"
files = [
    {file = "colorama-0.4.6-py2.py3-none-any.whl", hash = "sha256:4f1d9991f5acc0ca119f9d443620b77f9d6b33703e51011c16baf57afb285fc6"},
    {file = "colorama-0.4.6.tar.gz", hash = "sha256:08695f5cb7ed6e0531a20572697297273c47b8cae5a63ffc6d6ed5c201be6e44"},
]

[[package]]
name = "prettytable"
version = "3.6.0"
description = "A simple Python library for easily displaying tabular data in a visually appealing ASCII table format"
category = "main"
optional = false
python-versions = ">=3.7"
files = [
    {file = "prettytable-3.6.0-py3-none-any.whl", hash = "sha256:3b767129491767a3a5108e6f305cbaa650f8020a7db5dfe994a2df7ef7bad0fe"},
    {file = "prettytable-3.6.0.tar.gz", hash = "sha256:2e0026af955b4ea67b22122f310b90eae890738c08cb0458693a49b6221530ac"},
]

[package.dependencies]
wcwidth = "*"

[package.extras]
tests = ["pytest", "pytest-cov", "pytest-lazy-fixture"]

[[package]]
name = "pythonping"
version = "1.1.4"
description = "A simple way to ping in Python"
category = "main"
optional = false
python-versions = "*"
files = [
    {file = "pythonping-1.1.4-py3-none-any.whl", hash = "sha256:dedd690e36cb8c69703175610cf6ce01ff0c2070b447cc64c31a82951c9a53f6"},
    {file = "pythonping-1.1.4.tar.gz", hash = "sha256:acef84640fee6f20b725f2a1d2392771f2845554cfabcef30b1fdea5030161af"},
]

[[package]]
name = "six"
version = "1.16.0"
description = "Python 2 and 3 compatibility utilities"
category = "main"
optional = false
python-versions = ">=2.7, !=3.0.*, !=3.1.*, !=3.2.*"
files = [
    {file = "six-1.16.0-py2.py3-none-any.whl", hash = "sha256:8abb2f1d86890a2dfb989f9a77cfcfd3e47c2a354b01111771326f8aa26e0254"},
    {file = "six-1.16.0.tar.gz", hash = "sha256:1e61c37477a1626458e36f7b1d82aa5c9b094fa4802892072e49de9c60c4c926"},
]

[[package]]
name = "tcping"
version = "0.1.1rc1"
description = "command line for tcp ping"
category = "main"
optional = false
python-versions = "*"
files = [
    {file = "tcping-0.1.1rc1-py2-none-any.whl", hash = "sha256:48ad03a463cf6d963454d45c199843dc0ad4fb0cd0dde6ab648e35364cbfe34a"},
    {file = "tcping-0.1.1rc1.tar.gz", hash = "sha256:557d5e928601e5a31e55abe20c6b9fff18bdc74a1e1d620d6b28b2f7c7a26606"},
]

[package.dependencies]
click = "*"
prettytable = "*"
six = "*"

[[package]]
name = "wcwidth"
version = "0.2.6"
description = "Measures the displayed width of unicode strings in a terminal"
category = "main"
optional = false
python-versions = "*"
files = [
    {file = "wcwidth-0.2.6-py2.py3-none-any.whl", hash = "sha256:795b138f6875577cd91bba52baf9e445cd5118fd32723b460e30a0af30ea230e"},
    {file = "wcwidth-0.2.6.tar.gz", hash = "sha256:a5220780a404dbe3353789870978e472cfe477761f06ee55077256e509b156d0"},
]

[metadata]
lock-version = "2.0"
python-versions = "^3.10"
content-hash = "fd00d1bf331d1e855a8cc1393163dd47f8b98d188d9f8419848ffdfcbfeb1b44"
